
Microsoft Visual Studio Solution File, Format Version 12.00
# Visual Studio Version 17
VisualStudioVersion = 17.10.35013.160
MinimumVisualStudioVersion = 10.0.40219.1
Project("{FAE04EC0-301F-11D3-BF4B-00C04F79EFBC}") = "GuildColectoeBd", "GuildColectoeBd\GuildColectoeBd.csproj", "{935884EC-8990-45CA-8374-950036557756}"
EndProject
Global
	GlobalSection(SolutionConfigurationPlatforms) = preSolution
		Debug|Any CPU = Debug|Any CPU
		Release|Any CPU = Release|Any CPU
	EndGlobalSection
	GlobalSection(ProjectConfigurationPlatforms) = postSolution
		{935884EC-8990-45CA-8374-950036557756}.Debug|Any CPU.ActiveCfg = Debug|Any CPU
		{935884EC-8990-45CA-8374-950036557756}.Debug|Any CPU.Build.0 = Debug|Any CPU
		{935884EC-8990-45CA-8374-950036557756}.Release|Any CPU.ActiveCfg = Release|Any CPU
		{935884EC-8990-45CA-8374-950036557756}.Release|Any CPU.Build.0 = Release|Any CPU
	EndGlobalSection
	GlobalSection(SolutionProperties) = preSolution
		HideSolutionNode = FALSE
	EndGlobalSection
	GlobalSection(ExtensibilityGlobals) = postSolution
		SolutionGuid = {DD2BF00B-06AA-4060-856E-18641D974BE2}
	EndGlobalSection
EndGlobal
